
Microsoft Visual Studio Solution File, Format Version 12.00
# Visual Studio Version 16
VisualStudioVersion = 16.0.30523.141
MinimumVisualStudioVersion = 10.0.40219.1
Project("{FAE04EC0-301F-11D3-BF4B-00C04F79EFBC}") = "test", "test\test.csproj", "{78E9C786-04CC-4B76-84F4-5B2382FD39FB}"
EndProject
Global
	GlobalSection(SolutionConfigurationPlatforms) = preSolution
		Debug|Any CPU = Debug|Any CPU
		Release|Any CPU = Release|Any CPU
	EndGlobalSection
	GlobalSection(ProjectConfigurationPlatforms) = postSolution
		{78E9C786-04CC-4B76-84F4-5B2382FD39FB}.Debug|Any CPU.ActiveCfg = Debug|Any CPU
		{78E9C786-04CC-4B76-84F4-5B2382FD39FB}.Debug|Any CPU.Build.0 = Debug|Any CPU
		{78E9C786-04CC-4B76-84F4-5B2382FD39FB}.Release|Any CPU.ActiveCfg = Release|Any CPU
		{78E9C786-04CC-4B76-84F4-5B2382FD39FB}.Release|Any CPU.Build.0 = Release|Any CPU
	EndGlobalSection
	GlobalSection(SolutionProperties) = preSolution
		HideSolutionNode = FALSE
	EndGlobalSection
	GlobalSection(ExtensibilityGlobals) = postSolution
		SolutionGuid = {FC8A3F82-2061-4178-A3A9-1E2B8437A707}
	EndGlobalSection
EndGlobal
